
Microsoft Visual Studio Solution File, Format Version 12.00
# Visual Studio Version 17
VisualStudioVersion = 17.13.35825.156
MinimumVisualStudioVersion = 10.0.40219.1
Project("{2150E333-8FDC-42A3-9474-1A3956D46DE8}") = "01-MvcProject", "01-MvcProject", "{02EA681E-C7D8-13C7-8484-4AC65E1B71E8}"
EndProject
Project("{FAE04EC0-301F-11D3-BF4B-00C04F79EFBC}") = "MvcProject", "01-MvcProject\MvcProject\MvcProject.csproj", "{B35A20C0-6DA1-41B8-A14A-C5E69BB21305}"
EndProject
Project("{2150E333-8FDC-42A3-9474-1A3956D46DE8}") = "02-StatikMvc", "02-StatikMvc", "{A0698F31-3070-450A-B8FC-4DCBD0FB6745}"
EndProject
Project("{FAE04EC0-301F-11D3-BF4B-00C04F79EFBC}") = "StatikMvc", "02-StatikMvc\StatikMvc\StatikMvc.csproj", "{24F787EB-C2F5-4CB4-96C6-5EA89C146A30}"
EndProject
Project("{2150E333-8FDC-42A3-9474-1A3956D46DE8}") = "03-MvcStok", "03-MvcStok", "{A38AE616-5C2A-4C4C-9BEF-D08F68D875CA}"
EndProject
Project("{FAE04EC0-301F-11D3-BF4B-00C04F79EFBC}") = "MvcStok", "03-MvcStok\MvcStok\MvcStok.csproj", "{3855F079-4351-4BA9-8633-6859470537F8}"
EndProject
Global
	GlobalSection(SolutionConfigurationPlatforms) = preSolution
		Debug|Any CPU = Debug|Any CPU
		Release|Any CPU = Release|Any CPU
	EndGlobalSection
	GlobalSection(ProjectConfigurationPlatforms) = postSolution
		{B35A20C0-6DA1-41B8-A14A-C5E69BB21305}.Debug|Any CPU.ActiveCfg = Debug|Any CPU
		{B35A20C0-6DA1-41B8-A14A-C5E69BB21305}.Debug|Any CPU.Build.0 = Debug|Any CPU
		{B35A20C0-6DA1-41B8-A14A-C5E69BB21305}.Release|Any CPU.ActiveCfg = Release|Any CPU
		{B35A20C0-6DA1-41B8-A14A-C5E69BB21305}.Release|Any CPU.Build.0 = Release|Any CPU
		{24F787EB-C2F5-4CB4-96C6-5EA89C146A30}.Debug|Any CPU.ActiveCfg = Debug|Any CPU
		{24F787EB-C2F5-4CB4-96C6-5EA89C146A30}.Debug|Any CPU.Build.0 = Debug|Any CPU
		{24F787EB-C2F5-4CB4-96C6-5EA89C146A30}.Release|Any CPU.ActiveCfg = Release|Any CPU
		{24F787EB-C2F5-4CB4-96C6-5EA89C146A30}.Release|Any CPU.Build.0 = Release|Any CPU
		{3855F079-4351-4BA9-8633-6859470537F8}.Debug|Any CPU.ActiveCfg = Debug|Any CPU
		{3855F079-4351-4BA9-8633-6859470537F8}.Debug|Any CPU.Build.0 = Debug|Any CPU
		{3855F079-4351-4BA9-8633-6859470537F8}.Release|Any CPU.ActiveCfg = Release|Any CPU
		{3855F079-4351-4BA9-8633-6859470537F8}.Release|Any CPU.Build.0 = Release|Any CPU
	EndGlobalSection
	GlobalSection(SolutionProperties) = preSolution
		HideSolutionNode = FALSE
	EndGlobalSection
	GlobalSection(NestedProjects) = preSolution
		{B35A20C0-6DA1-41B8-A14A-C5E69BB21305} = {02EA681E-C7D8-13C7-8484-4AC65E1B71E8}
		{24F787EB-C2F5-4CB4-96C6-5EA89C146A30} = {A0698F31-3070-450A-B8FC-4DCBD0FB6745}
		{3855F079-4351-4BA9-8633-6859470537F8} = {A38AE616-5C2A-4C4C-9BEF-D08F68D875CA}
	EndGlobalSection
	GlobalSection(ExtensibilityGlobals) = postSolution
		SolutionGuid = {76E4CAA1-2891-48ED-8614-2299395B3090}
	EndGlobalSection
EndGlobal
